
Microsoft Visual Studio Solution File, Format Version 12.00
# Visual Studio Version 16
VisualStudioVersion = 16.0.29709.97
MinimumVisualStudioVersion = 10.0.40219.1
Project("{FAE04EC0-301F-11D3-BF4B-00C04F79EFBC}") = "Regex_laba", "Regex_laba.csproj", "{A187140D-A6FF-4132-87CE-818FB6D016FB}"
EndProject
Project("{FAE04EC0-301F-11D3-BF4B-00C04F79EFBC}") = "SekondTask", "..\SekondTask\SekondTask.csproj", "{A1BEB729-3A6E-4B75-B115-F90FF109539B}"
EndProject
Global
	GlobalSection(SolutionConfigurationPlatforms) = preSolution
		Debug|Any CPU = Debug|Any CPU
		Release|Any CPU = Release|Any CPU
	EndGlobalSection
	GlobalSection(ProjectConfigurationPlatforms) = postSolution
		{A187140D-A6FF-4132-87CE-818FB6D016FB}.Debug|Any CPU.ActiveCfg = Debug|Any CPU
		{A187140D-A6FF-4132-87CE-818FB6D016FB}.Debug|Any CPU.Build.0 = Debug|Any CPU
		{A187140D-A6FF-4132-87CE-818FB6D016FB}.Release|Any CPU.ActiveCfg = Release|Any CPU
		{A187140D-A6FF-4132-87CE-818FB6D016FB}.Release|Any CPU.Build.0 = Release|Any CPU
		{A1BEB729-3A6E-4B75-B115-F90FF109539B}.Debug|Any CPU.ActiveCfg = Debug|Any CPU
		{A1BEB729-3A6E-4B75-B115-F90FF109539B}.Debug|Any CPU.Build.0 = Debug|Any CPU
		{A1BEB729-3A6E-4B75-B115-F90FF109539B}.Release|Any CPU.ActiveCfg = Release|Any CPU
		{A1BEB729-3A6E-4B75-B115-F90FF109539B}.Release|Any CPU.Build.0 = Release|Any CPU
	EndGlobalSection
	GlobalSection(SolutionProperties) = preSolution
		HideSolutionNode = FALSE
	EndGlobalSection
	GlobalSection(ExtensibilityGlobals) = postSolution
		SolutionGuid = {E4D04AA2-8648-417E-A83C-F7D3EEE16C51}
	EndGlobalSection
EndGlobal
